// !$*UTF8*$!
{
	archiveVersion = 1;
	classes = {
	};
	objectVersion = 56;
	objects = {

/* Begin PBXBuildFile section */
		DCF456032A4C3AC4004901D8 /* Practice_2App.swift in Sources */ = {isa = PBXBuildFile; fileRef = DCF456022A4C3AC4004901D8 /* Practice_2App.swift */; };
		DCF456052A4C3AC4004901D8 /* ContentView.swift in Sources */ = {isa = PBXBuildFile; fileRef = DCF456042A4C3AC4004901D8 /* ContentView.swift */; };
		DCF456072A4C3AC4004901D8 /* Assets.xcassets in Resources */ = {isa = PBXBuildFile; fileRef = DCF456062A4C3AC4004901D8 /* Assets.xcassets */; };
		DCF4560A2A4C3AC4004901D8 /* Preview Assets.xcassets in Resources */ = {isa = PBXBuildFile; fileRef = DCF456092A4C3AC4004901D8 /* Preview Assets.xcassets */; };
		DCF456142A4C3AC4004901D8 /* Practice_2Tests.swift in Sources */ = {isa = PBXBuildFile; fileRef = DCF456132A4C3AC4004901D8 /* Practice_2Tests.swift */; };
		DCF4561E2A4C3AC5004901D8 /* Practice_2UITests.swift in Sources */ = {isa = PBXBuildFile; fileRef = DCF4561D2A4C3AC5004901D8 /* Practice_2UITests.swift */; };
		DCF456202A4C3AC5004901D8 /* Practice_2UITestsLaunchTests.swift in Sources */ = {isa = PBXBuildFile; fileRef = DCF4561F2A4C3AC5004901D8 /* Practice_2UITestsLaunchTests.swift */; };
		DCF4562D2A4C3B2F004901D8 /* BigView.swift in Sources */ = {isa = PBXBuildFile; fileRef = DCF4562C2A4C3B2F004901D8 /* BigView.swift */; };
		DCF456312A4C3DA6004901D8 /* SwapNumbersViewModel.swift in Sources */ = {isa = PBXBuildFile; fileRef = DCF456302A4C3DA6004901D8 /* SwapNumbersViewModel.swift */; };
		DCF456352A4C4202004901D8 /* FirstView.swift in Sources */ = {isa = PBXBuildFile; fileRef = DCF456342A4C4202004901D8 /* FirstView.swift */; };
		DCF456372A4C427D004901D8 /* SecondView.swift in Sources */ = {isa = PBXBuildFile; fileRef = DCF456362A4C427D004901D8 /* SecondView.swift */; };
/* End PBXBuildFile section */

/* Begin PBXContainerItemProxy section */
		DCF456102A4C3AC4004901D8 /* PBXContainerItemProxy */ = {
			isa = PBXContainerItemProxy;
			containerPortal = DCF455F72A4C3AC3004901D8 /* Project object */;
			proxyType = 1;
			remoteGlobalIDString = DCF455FE2A4C3AC4004901D8;
			remoteInfo = Practice_2;
		};
		DCF4561A2A4C3AC5004901D8 /* PBXContainerItemProxy */ = {
			isa = PBXContainerItemProxy;
			containerPortal = DCF455F72A4C3AC3004901D8 /* Project object */;
			proxyType = 1;
			remoteGlobalIDString = DCF455FE2A4C3AC4004901D8;
			remoteInfo = Practice_2;
		};
/* End PBXContainerItemProxy section */

/* Begin PBXFileReference section */
		DCF455FF2A4C3AC4004901D8 /* Practice_2.app */ = {isa = PBXFileReference; explicitFileType = wrapper.application; includeInIndex = 0; path = Practice_2.app; sourceTree = BUILT_PRODUCTS_DIR; };
		DCF456022A4C3AC4004901D8 /* Practice_2App.swift */ = {isa = PBXFileReference; lastKnownFileType = sourcecode.swift; path = Practice_2App.swift; sourceTree = "<group>"; };
		DCF456042A4C3AC4004901D8 /* ContentView.swift */ = {isa = PBXFileReference; lastKnownFileType = sourcecode.swift; path = ContentView.swift; sourceTree = "<group>"; };
		DCF456062A4C3AC4004901D8 /* Assets.xcassets */ = {isa = PBXFileReference; lastKnownFileType = folder.assetcatalog; path = Assets.xcassets; sourceTree = "<group>"; };
		DCF456092A4C3AC4004901D8 /* Preview Assets.xcassets */ = {isa = PBXFileReference; lastKnownFileType = folder.assetcatalog; path = "Preview Assets.xcassets"; sourceTree = "<group>"; };
		DCF4560F2A4C3AC4004901D8 /* Practice_2Tests.xctest */ = {isa = PBXFileReference; explicitFileType = wrapper.cfbundle; includeInIndex = 0; path = Practice_2Tests.xctest; sourceTree = BUILT_PRODUCTS_DIR; };
		DCF456132A4C3AC4004901D8 /* Practice_2Tests.swift */ = {isa = PBXFileReference; lastKnownFileType = sourcecode.swift; path = Practice_2Tests.swift; sourceTree = "<group>"; };
		DCF456192A4C3AC5004901D8 /* Practice_2UITests.xctest */ = {isa = PBXFileReference; explicitFileType = wrapper.cfbundle; includeInIndex = 0; path = Practice_2UITests.xctest; sourceTree = BUILT_PRODUCTS_DIR; };
		DCF4561D2A4C3AC5004901D8 /* Practice_2UITests.swift */ = {isa = PBXFileReference; lastKnownFileType = sourcecode.swift; path = Practice_2UITests.swift; sourceTree = "<group>"; };
		DCF4561F2A4C3AC5004901D8 /* Practice_2UITestsLaunchTests.swift */ = {isa = PBXFileReference; lastKnownFileType = sourcecode.swift; path = Practice_2UITestsLaunchTests.swift; sourceTree = "<group>"; };
		DCF4562C2A4C3B2F004901D8 /* BigView.swift */ = {isa = PBXFileReference; lastKnownFileType = sourcecode.swift; path = BigView.swift; sourceTree = "<group>"; };
		DCF456302A4C3DA6004901D8 /* SwapNumbersViewModel.swift */ = {isa = PBXFileReference; lastKnownFileType = sourcecode.swift; path = SwapNumbersViewModel.swift; sourceTree = "<group>"; };
		DCF456342A4C4202004901D8 /* FirstView.swift */ = {isa = PBXFileReference; lastKnownFileType = sourcecode.swift; path = FirstView.swift; sourceTree = "<group>"; };
		DCF456362A4C427D004901D8 /* SecondView.swift */ = {isa = PBXFileReference; lastKnownFileType = sourcecode.swift; path = SecondView.swift; sourceTree = "<group>"; };
/* End PBXFileReference section */

/* Begin PBXFrameworksBuildPhase section */
		DCF455FC2A4C3AC4004901D8 /* Frameworks */ = {
			isa = PBXFrameworksBuildPhase;
			buildActionMask = 2147483647;
			files = (
			);
			runOnlyForDeploymentPostprocessing = 0;
		};
		DCF4560C2A4C3AC4004901D8 /* Frameworks */ = {
			isa = PBXFrameworksBuildPhase;
			buildActionMask = 2147483647;
			files = (
			);
			runOnlyForDeploymentPostprocessing = 0;
		};
		DCF456162A4C3AC5004901D8 /* Frameworks */ = {
			isa = PBXFrameworksBuildPhase;
			buildActionMask = 2147483647;
			files = (
			);
			runOnlyForDeploymentPostprocessing = 0;
		};
/* End PBXFrameworksBuildPhase section */

/* Begin PBXGroup section */
		DCF455F62A4C3AC3004901D8 = {
			isa = PBXGroup;
			children = (
				DCF456012A4C3AC4004901D8 /* Practice_2 */,
				DCF456122A4C3AC4004901D8 /* Practice_2Tests */,
				DCF4561C2A4C3AC5004901D8 /* Practice_2UITests */,
				DCF456002A4C3AC4004901D8 /* Products */,
			);
			sourceTree = "<group>";
		};
		DCF456002A4C3AC4004901D8 /* Products */ = {
			isa = PBXGroup;
			children = (
				DCF455FF2A4C3AC4004901D8 /* Practice_2.app */,
				DCF4560F2A4C3AC4004901D8 /* Practice_2Tests.xctest */,
				DCF456192A4C3AC5004901D8 /* Practice_2UITests.xctest */,
			);
			name = Products;
			sourceTree = "<group>";
		};
		DCF456012A4C3AC4004901D8 /* Practice_2 */ = {
			isa = PBXGroup;
			children = (
				DCF4562C2A4C3B2F004901D8 /* BigView.swift */,
				DCF456022A4C3AC4004901D8 /* Practice_2App.swift */,
				DCF456042A4C3AC4004901D8 /* ContentView.swift */,
				DCF456062A4C3AC4004901D8 /* Assets.xcassets */,
				DCF456082A4C3AC4004901D8 /* Preview Content */,
				DCF456302A4C3DA6004901D8 /* SwapNumbersViewModel.swift */,
				DCF456342A4C4202004901D8 /* FirstView.swift */,
				DCF456362A4C427D004901D8 /* SecondView.swift */,
			);
			path = Practice_2;
			sourceTree = "<group>";
		};
		DCF456082A4C3AC4004901D8 /* Preview Content */ = {
			isa = PBXGroup;
			children = (
				DCF456092A4C3AC4004901D8 /* Preview Assets.xcassets */,
			);
			path = "Preview Content";
			sourceTree = "<group>";
		};
		DCF456122A4C3AC4004901D8 /* Practice_2Tests */ = {
			isa = PBXGroup;
			children = (
				DCF456132A4C3AC4004901D8 /* Practice_2Tests.swift */,
			);
			path = Practice_2Tests;
			sourceTree = "<group>";
		};
		DCF4561C2A4C3AC5004901D8 /* Practice_2UITests */ = {
			isa = PBXGroup;
			children = (
				DCF4561D2A4C3AC5004901D8 /* Practice_2UITests.swift */,
				DCF4561F2A4C3AC5004901D8 /* Practice_2UITestsLaunchTests.swift */,
			);
			path = Practice_2UITests;
			sourceTree = "<group>";
		};
/* End PBXGroup section */

/* Begin PBXNativeTarget section */
		DCF455FE2A4C3AC4004901D8 /* Practice_2 */ = {
			isa = PBXNativeTarget;
			buildConfigurationList = DCF456232A4C3AC5004901D8 /* Build configuration list for PBXNativeTarget "Practice_2" */;
			buildPhases = (
				DCF455FB2A4C3AC4004901D8 /* Sources */,
				DCF455FC2A4C3AC4004901D8 /* Frameworks */,
				DCF455FD2A4C3AC4004901D8 /* Resources */,
			);
			buildRules = (
			);
			dependencies = (
			);
			name = Practice_2;
			productName = Practice_2;
			productReference = DCF455FF2A4C3AC4004901D8 /* Practice_2.app */;
			productType = "com.apple.product-type.application";
		};
		DCF4560E2A4C3AC4004901D8 /* Practice_2Tests */ = {
			isa = PBXNativeTarget;
			buildConfigurationList = DCF456262A4C3AC5004901D8 /* Build configuration list for PBXNativeTarget "Practice_2Tests" */;
			buildPhases = (
				DCF4560B2A4C3AC4004901D8 /* Sources */,
				DCF4560C2A4C3AC4004901D8 /* Frameworks */,
				DCF4560D2A4C3AC4004901D8 /* Resources */,
			);
			buildRules = (
			);
			dependencies = (
				DCF456112A4C3AC4004901D8 /* PBXTargetDependency */,
			);
			name = Practice_2Tests;
			productName = Practice_2Tests;
			productReference = DCF4560F2A4C3AC4004901D8 /* Practice_2Tests.xctest */;
			productType = "com.apple.product-type.bundle.unit-test";
		};
		DCF456182A4C3AC5004901D8 /* Practice_2UITests */ = {
			isa = PBXNativeTarget;
			buildConfigurationList = DCF456292A4C3AC5004901D8 /* Build configuration list for PBXNativeTarget "Practice_2UITests" */;
			buildPhases = (
				DCF456152A4C3AC5004901D8 /* Sources */,
				DCF456162A4C3AC5004901D8 /* Frameworks */,
				DCF456172A4C3AC5004901D8 /* Resources */,
			);
			buildRules = (
			);
			dependencies = (
				DCF4561B2A4C3AC5004901D8 /* PBXTargetDependency */,
			);
			name = Practice_2UITests;
			productName = Practice_2UITests;
			productReference = DCF456192A4C3AC5004901D8 /* Practice_2UITests.xctest */;
			productType = "com.apple.product-type.bundle.ui-testing";
		};
/* End PBXNativeTarget section */

/* Begin PBXProject section */
		DCF455F72A4C3AC3004901D8 /* Project object */ = {
			isa = PBXProject;
			attributes = {
				BuildIndependentTargetsInParallel = 1;
				LastSwiftUpdateCheck = 1430;
				LastUpgradeCheck = 1430;
				TargetAttributes = {
					DCF455FE2A4C3AC4004901D8 = {
						CreatedOnToolsVersion = 14.3.1;
					};
					DCF4560E2A4C3AC4004901D8 = {
						CreatedOnToolsVersion = 14.3.1;
						TestTargetID = DCF455FE2A4C3AC4004901D8;
					};
					DCF456182A4C3AC5004901D8 = {
						CreatedOnToolsVersion = 14.3.1;
						TestTargetID = DCF455FE2A4C3AC4004901D8;
					};
				};
			};
			buildConfigurationList = DCF455FA2A4C3AC3004901D8 /* Build configuration list for PBXProject "Practice_2" */;
			compatibilityVersion = "Xcode 14.0";
			developmentRegion = en;
			hasScannedForEncodings = 0;
			knownRegions = (
				en,
				Base,
			);
			mainGroup = DCF455F62A4C3AC3004901D8;
			productRefGroup = DCF456002A4C3AC4004901D8 /* Products */;
			projectDirPath = "";
			projectRoot = "";
			targets = (
				DCF455FE2A4C3AC4004901D8 /* Practice_2 */,
				DCF4560E2A4C3AC4004901D8 /* Practice_2Tests */,
				DCF456182A4C3AC5004901D8 /* Practice_2UITests */,
			);
		};
/* End PBXProject section */

/* Begin PBXResourcesBuildPhase section */
		DCF455FD2A4C3AC4004901D8 /* Resources */ = {
			isa = PBXResourcesBuildPhase;
			buildActionMask = 2147483647;
			files = (
				DCF4560A2A4C3AC4004901D8 /* Preview Assets.xcassets in Resources */,
				DCF456072A4C3AC4004901D8 /* Assets.xcassets in Resources */,
			);
			runOnlyForDeploymentPostprocessing = 0;
		};
		DCF4560D2A4C3AC4004901D8 /* Resources */ = {
			isa = PBXResourcesBuildPhase;
			buildActionMask = 2147483647;
			files = (
			);
			runOnlyForDeploymentPostprocessing = 0;
		};
		DCF456172A4C3AC5004901D8 /* Resources */ = {
			isa = PBXResourcesBuildPhase;
			buildActionMask = 2147483647;
			files = (
			);
			runOnlyForDeploymentPostprocessing = 0;
		};
/* End PBXResourcesBuildPhase section */

/* Begin PBXSourcesBuildPhase section */
		DCF455FB2A4C3AC4004901D8 /* Sources */ = {
			isa = PBXSourcesBuildPhase;
			buildActionMask = 2147483647;
			files = (
				DCF456372A4C427D004901D8 /* SecondView.swift in Sources */,
				DCF4562D2A4C3B2F004901D8 /* BigView.swift in Sources */,
				DCF456352A4C4202004901D8 /* FirstView.swift in Sources */,
				DCF456052A4C3AC4004901D8 /* ContentView.swift in Sources */,
				DCF456312A4C3DA6004901D8 /* SwapNumbersViewModel.swift in Sources */,
				DCF456032A4C3AC4004901D8 /* Practice_2App.swift in Sources */,
			);
			runOnlyForDeploymentPostprocessing = 0;
		};
		DCF4560B2A4C3AC4004901D8 /* Sources */ = {
			isa = PBXSourcesBuildPhase;
			buildActionMask = 2147483647;
			files = (
				DCF456142A4C3AC4004901D8 /* Practice_2Tests.swift in Sources */,
			);
			runOnlyForDeploymentPostprocessing = 0;
		};
		DCF456152A4C3AC5004901D8 /* Sources */ = {
			isa = PBXSourcesBuildPhase;
			buildActionMask = 2147483647;
			files = (
				DCF456202A4C3AC5004901D8 /* Practice_2UITestsLaunchTests.swift in Sources */,
				DCF4561E2A4C3AC5004901D8 /* Practice_2UITests.swift in Sources */,
			);
			runOnlyForDeploymentPostprocessing = 0;
		};
/* End PBXSourcesBuildPhase section */

/* Begin PBXTargetDependency section */
		DCF456112A4C3AC4004901D8 /* PBXTargetDependency */ = {
			isa = PBXTargetDependency;
			target = DCF455FE2A4C3AC4004901D8 /* Practice_2 */;
			targetProxy = DCF456102A4C3AC4004901D8 /* PBXContainerItemProxy */;
		};
		DCF4561B2A4C3AC5004901D8 /* PBXTargetDependency */ = {
			isa = PBXTargetDependency;
			target = DCF455FE2A4C3AC4004901D8 /* Practice_2 */;
			targetProxy = DCF4561A2A4C3AC5004901D8 /* PBXContainerItemProxy */;
		};
/* End PBXTargetDependency section */

/* Begin XCBuildConfiguration section */
		DCF456212A4C3AC5004901D8 /* Debug */ = {
			isa = XCBuildConfiguration;
			buildSettings = {
				ALWAYS_SEARCH_USER_PATHS = NO;
				CLANG_ANALYZER_NONNULL = YES;
				CLANG_ANALYZER_NUMBER_OBJECT_CONVERSION = YES_AGGRESSIVE;
				CLANG_CXX_LANGUAGE_STANDARD = "gnu++20";
				CLANG_ENABLE_MODULES = YES;
				CLANG_ENABLE_OBJC_ARC = YES;
				CLANG_ENABLE_OBJC_WEAK = YES;
				CLANG_WARN_BLOCK_CAPTURE_AUTORELEASING = YES;
				CLANG_WARN_BOOL_CONVERSION = YES;
				CLANG_WARN_COMMA = YES;
				CLANG_WARN_CONSTANT_CONVERSION = YES;
				CLANG_WARN_DEPRECATED_OBJC_IMPLEMENTATIONS = YES;
				CLANG_WARN_DIRECT_OBJC_ISA_USAGE = YES_ERROR;
				CLANG_WARN_DOCUMENTATION_COMMENTS = YES;
				CLANG_WARN_EMPTY_BODY = YES;
				CLANG_WARN_ENUM_CONVERSION = YES;
				CLANG_WARN_INFINITE_RECURSION = YES;
				CLANG_WARN_INT_CONVERSION = YES;
				CLANG_WARN_NON_LITERAL_NULL_CONVERSION = YES;
				CLANG_WARN_OBJC_IMPLICIT_RETAIN_SELF = YES;
				CLANG_WARN_OBJC_LITERAL_CONVERSION = YES;
				CLANG_WARN_OBJC_ROOT_CLASS = YES_ERROR;
				CLANG_WARN_QUOTED_INCLUDE_IN_FRAMEWORK_HEADER = YES;
				CLANG_WARN_RANGE_LOOP_ANALYSIS = YES;
				CLANG_WARN_STRICT_PROTOTYPES = YES;
				CLANG_WARN_SUSPICIOUS_MOVE = YES;
				CLANG_WARN_UNGUARDED_AVAILABILITY = YES_AGGRESSIVE;
				CLANG_WARN_UNREACHABLE_CODE = YES;
				CLANG_WARN__DUPLICATE_METHOD_MATCH = YES;
				COPY_PHASE_STRIP = NO;
				DEBUG_INFORMATION_FORMAT = dwarf;
				ENABLE_STRICT_OBJC_MSGSEND = YES;
				ENABLE_TESTABILITY = YES;
				GCC_C_LANGUAGE_STANDARD = gnu11;
				GCC_DYNAMIC_NO_PIC = NO;
				GCC_NO_COMMON_BLOCKS = YES;
				GCC_OPTIMIZATION_LEVEL = 0;
				GCC_PREPROCESSOR_DEFINITIONS = (
					"DEBUG=1",
					"$(inherited)",
				);
				GCC_WARN_64_TO_32_BIT_CONVERSION = YES;
				GCC_WARN_ABOUT_RETURN_TYPE = YES_ERROR;
				GCC_WARN_UNDECLARED_SELECTOR = YES;
				GCC_WARN_UNINITIALIZED_AUTOS = YES_AGGRESSIVE;
				GCC_WARN_UNUSED_FUNCTION = YES;
				GCC_WARN_UNUSED_VARIABLE = YES;
				IPHONEOS_DEPLOYMENT_TARGET = 16.4;
				MTL_ENABLE_DEBUG_INFO = INCLUDE_SOURCE;
				MTL_FAST_MATH = YES;
				ONLY_ACTIVE_ARCH = YES;
				SDKROOT = iphoneos;
				SWIFT_ACTIVE_COMPILATION_CONDITIONS = DEBUG;
				SWIFT_OPTIMIZATION_LEVEL = "-Onone";
			};
			name = Debug;
		};
		DCF456222A4C3AC5004901D8 /* Release */ = {
			isa = XCBuildConfiguration;
			buildSettings = {
				ALWAYS_SEARCH_USER_PATHS = NO;
				CLANG_ANALYZER_NONNULL = YES;
				CLANG_ANALYZER_NUMBER_OBJECT_CONVERSION = YES_AGGRESSIVE;
				CLANG_CXX_LANGUAGE_STANDARD = "gnu++20";
				CLANG_ENABLE_MODULES = YES;
				CLANG_ENABLE_OBJC_ARC = YES;
				CLANG_ENABLE_OBJC_WEAK = YES;
				CLANG_WARN_BLOCK_CAPTURE_AUTORELEASING = YES;
				CLANG_WARN_BOOL_CONVERSION = YES;
				CLANG_WARN_COMMA = YES;
				CLANG_WARN_CONSTANT_CONVERSION = YES;
				CLANG_WARN_DEPRECATED_OBJC_IMPLEMENTATIONS = YES;
				CLANG_WARN_DIRECT_OBJC_ISA_USAGE = YES_ERROR;
				CLANG_WARN_DOCUMENTATION_COMMENTS = YES;
				CLANG_WARN_EMPTY_BODY = YES;
				CLANG_WARN_ENUM_CONVERSION = YES;
				CLANG_WARN_INFINITE_RECURSION = YES;
				CLANG_WARN_INT_CONVERSION = YES;
				CLANG_WARN_NON_LITERAL_NULL_CONVERSION = YES;
				CLANG_WARN_OBJC_IMPLICIT_RETAIN_SELF = YES;
				CLANG_WARN_OBJC_LITERAL_CONVERSION = YES;
				CLANG_WARN_OBJC_ROOT_CLASS = YES_ERROR;
				CLANG_WARN_QUOTED_INCLUDE_IN_FRAMEWORK_HEADER = YES;
				CLANG_WARN_RANGE_LOOP_ANALYSIS = YES;
				CLANG_WARN_STRICT_PROTOTYPES = YES;
				CLANG_WARN_SUSPICIOUS_MOVE = YES;
				CLANG_WARN_UNGUARDED_AVAILABILITY = YES_AGGRESSIVE;
				CLANG_WARN_UNREACHABLE_CODE = YES;
				CLANG_WARN__DUPLICATE_METHOD_MATCH = YES;
				COPY_PHASE_STRIP = NO;
				DEBUG_INFORMATION_FORMAT = "dwarf-with-dsym";
				ENABLE_NS_ASSERTIONS = NO;
				ENABLE_STRICT_OBJC_MSGSEND = YES;
				GCC_C_LANGUAGE_STANDARD = gnu11;
				GCC_NO_COMMON_BLOCKS = YES;
				GCC_WARN_64_TO_32_BIT_CONVERSION = YES;
				GCC_WARN_ABOUT_RETURN_TYPE = YES_ERROR;
				GCC_WARN_UNDECLARED_SELECTOR = YES;
				GCC_WARN_UNINITIALIZED_AUTOS = YES_AGGRESSIVE;
				GCC_WARN_UNUSED_FUNCTION = YES;
				GCC_WARN_UNUSED_VARIABLE = YES;
				IPHONEOS_DEPLOYMENT_TARGET = 16.4;
				MTL_ENABLE_DEBUG_INFO = NO;
				MTL_FAST_MATH = YES;
				SDKROOT = iphoneos;
				SWIFT_COMPILATION_MODE = wholemodule;
				SWIFT_OPTIMIZATION_LEVEL = "-O";
				VALIDATE_PRODUCT = YES;
			};
			name = Release;
		};
		DCF456242A4C3AC5004901D8 /* Debug */ = {
			isa = XCBuildConfiguration;
			buildSettings = {
				ASSETCATALOG_COMPILER_APPICON_NAME = AppIcon;
				ASSETCATALOG_COMPILER_GLOBAL_ACCENT_COLOR_NAME = AccentColor;
				CODE_SIGN_STYLE = Automatic;
				CURRENT_PROJECT_VERSION = 1;
				DEVELOPMENT_ASSET_PATHS = "\"Practice_2/Preview Content\"";
				ENABLE_PREVIEWS = YES;
				GENERATE_INFOPLIST_FILE = YES;
				INFOPLIST_KEY_UIApplicationSceneManifest_Generation = YES;
				INFOPLIST_KEY_UIApplicationSupportsIndirectInputEvents = YES;
				INFOPLIST_KEY_UILaunchScreen_Generation = YES;
				INFOPLIST_KEY_UISupportedInterfaceOrientations_iPad = "UIInterfaceOrientationPortrait UIInterfaceOrientationPortraitUpsideDown UIInterfaceOrientationLandscapeLeft UIInterfaceOrientationLandscapeRight";
				INFOPLIST_KEY_UISupportedInterfaceOrientations_iPhone = "UIInterfaceOrientationPortrait UIInterfaceOrientationLandscapeLeft UIInterfaceOrientationLandscapeRight";
				LD_RUNPATH_SEARCH_PATHS = (
					"$(inherited)",
					"@executable_path/Frameworks",
				);
				MARKETING_VERSION = 1.0;
				PRODUCT_BUNDLE_IDENTIFIER = "com.tp.Practice-2";
				PRODUCT_NAME = "$(TARGET_NAME)";
				SWIFT_EMIT_LOC_STRINGS = YES;
				SWIFT_VERSION = 5.0;
				TARGETED_DEVICE_FAMILY = "1,2";
			};
			name = Debug;
		};
		DCF456252A4C3AC5004901D8 /* Release */ = {
			isa = XCBuildConfiguration;
			buildSettings = {
				ASSETCATALOG_COMPILER_APPICON_NAME = AppIcon;
				ASSETCATALOG_COMPILER_GLOBAL_ACCENT_COLOR_NAME = AccentColor;
				CODE_SIGN_STYLE = Automatic;
				CURRENT_PROJECT_VERSION = 1;
				DEVELOPMENT_ASSET_PATHS = "\"Practice_2/Preview Content\"";
				ENABLE_PREVIEWS = YES;
				GENERATE_INFOPLIST_FILE = YES;
				INFOPLIST_KEY_UIApplicationSceneManifest_Generation = YES;
				INFOPLIST_KEY_UIApplicationSupportsIndirectInputEvents = YES;
				INFOPLIST_KEY_UILaunchScreen_Generation = YES;
				INFOPLIST_KEY_UISupportedInterfaceOrientations_iPad = "UIInterfaceOrientationPortrait UIInterfaceOrientationPortraitUpsideDown UIInterfaceOrientationLandscapeLeft UIInterfaceOrientationLandscapeRight";
				INFOPLIST_KEY_UISupportedInterfaceOrientations_iPhone = "UIInterfaceOrientationPortrait UIInterfaceOrientationLandscapeLeft UIInterfaceOrientationLandscapeRight";
				LD_RUNPATH_SEARCH_PATHS = (
					"$(inherited)",
					"@executable_path/Frameworks",
				);
				MARKETING_VERSION = 1.0;
				PRODUCT_BUNDLE_IDENTIFIER = "com.tp.Practice-2";
				PRODUCT_NAME = "$(TARGET_NAME)";
				SWIFT_EMIT_LOC_STRINGS = YES;
				SWIFT_VERSION = 5.0;
				TARGETED_DEVICE_FAMILY = "1,2";
			};
			name = Release;
		};
		DCF456272A4C3AC5004901D8 /* Debug */ = {
			isa = XCBuildConfiguration;
			buildSettings = {
				ALWAYS_EMBED_SWIFT_STANDARD_LIBRARIES = YES;
				BUNDLE_LOADER = "$(TEST_HOST)";
				CODE_SIGN_STYLE = Automatic;
				CURRENT_PROJECT_VERSION = 1;
				GENERATE_INFOPLIST_FILE = YES;
				IPHONEOS_DEPLOYMENT_TARGET = 16.4;
				MARKETING_VERSION = 1.0;
				PRODUCT_BUNDLE_IDENTIFIER = "com.tp.Practice-2Tests";
				PRODUCT_NAME = "$(TARGET_NAME)";
				SWIFT_EMIT_LOC_STRINGS = NO;
				SWIFT_VERSION = 5.0;
				TARGETED_DEVICE_FAMILY = "1,2";
				TEST_HOST = "$(BUILT_PRODUCTS_DIR)/Practice_2.app/$(BUNDLE_EXECUTABLE_FOLDER_PATH)/Practice_2";
			};
			name = Debug;
		};
		DCF456282A4C3AC5004901D8 /* Release */ = {
			isa = XCBuildConfiguration;
			buildSettings = {
				ALWAYS_EMBED_SWIFT_STANDARD_LIBRARIES = YES;
				BUNDLE_LOADER = "$(TEST_HOST)";
				CODE_SIGN_STYLE = Automatic;
				CURRENT_PROJECT_VERSION = 1;
				GENERATE_INFOPLIST_FILE = YES;
				IPHONEOS_DEPLOYMENT_TARGET = 16.4;
				MARKETING_VERSION = 1.0;
				PRODUCT_BUNDLE_IDENTIFIER = "com.tp.Practice-2Tests";
				PRODUCT_NAME = "$(TARGET_NAME)";
				SWIFT_EMIT_LOC_STRINGS = NO;
				SWIFT_VERSION = 5.0;
				TARGETED_DEVICE_FAMILY = "1,2";
				TEST_HOST = "$(BUILT_PRODUCTS_DIR)/Practice_2.app/$(BUNDLE_EXECUTABLE_FOLDER_PATH)/Practice_2";
			};
			name = Release;
		};
		DCF4562A2A4C3AC5004901D8 /* Debug */ = {
			isa = XCBuildConfiguration;
			buildSettings = {
				ALWAYS_EMBED_SWIFT_STANDARD_LIBRARIES = YES;
				CODE_SIGN_STYLE = Automatic;
				CURRENT_PROJECT_VERSION = 1;
				GENERATE_INFOPLIST_FILE = YES;
				MARKETING_VERSION = 1.0;
				PRODUCT_BUNDLE_IDENTIFIER = "com.tp.Practice-2UITests";
				PRODUCT_NAME = "$(TARGET_NAME)";
				SWIFT_EMIT_LOC_STRINGS = NO;
				SWIFT_VERSION = 5.0;
				TARGETED_DEVICE_FAMILY = "1,2";
				TEST_TARGET_NAME = Practice_2;
			};
			name = Debug;
		};
		DCF4562B2A4C3AC5004901D8 /* Release */ = {
			isa = XCBuildConfiguration;
			buildSettings = {
				ALWAYS_EMBED_SWIFT_STANDARD_LIBRARIES = YES;
				CODE_SIGN_STYLE = Automatic;
				CURRENT_PROJECT_VERSION = 1;
				GENERATE_INFOPLIST_FILE = YES;
				MARKETING_VERSION = 1.0;
				PRODUCT_BUNDLE_IDENTIFIER = "com.tp.Practice-2UITests";
				PRODUCT_NAME = "$(TARGET_NAME)";
				SWIFT_EMIT_LOC_STRINGS = NO;
				SWIFT_VERSION = 5.0;
				TARGETED_DEVICE_FAMILY = "1,2";
				TEST_TARGET_NAME = Practice_2;
			};
			name = Release;
		};
/* End XCBuildConfiguration section */

/* Begin XCConfigurationList section */
		DCF455FA2A4C3AC3004901D8 /* Build configuration list for PBXProject "Practice_2" */ = {
			isa = XCConfigurationList;
			buildConfigurations = (
				DCF456212A4C3AC5004901D8 /* Debug */,
				DCF456222A4C3AC5004901D8 /* Release */,
			);
			defaultConfigurationIsVisible = 0;
			defaultConfigurationName = Release;
		};
		DCF456232A4C3AC5004901D8 /* Build configuration list for PBXNativeTarget "Practice_2" */ = {
			isa = XCConfigurationList;
			buildConfigurations = (
				DCF456242A4C3AC5004901D8 /* Debug */,
				DCF456252A4C3AC5004901D8 /* Release */,
			);
			defaultConfigurationIsVisible = 0;
			defaultConfigurationName = Release;
		};
		DCF456262A4C3AC5004901D8 /* Build configuration list for PBXNativeTarget "Practice_2Tests" */ = {
			isa = XCConfigurationList;
			buildConfigurations = (
				DCF456272A4C3AC5004901D8 /* Debug */,
				DCF456282A4C3AC5004901D8 /* Release */,
			);
			defaultConfigurationIsVisible = 0;
			defaultConfigurationName = Release;
		};
		DCF456292A4C3AC5004901D8 /* Build configuration list for PBXNativeTarget "Practice_2UITests" */ = {
			isa = XCConfigurationList;
			buildConfigurations = (
				DCF4562A2A4C3AC5004901D8 /* Debug */,
				DCF4562B2A4C3AC5004901D8 /* Release */,
			);
			defaultConfigurationIsVisible = 0;
			defaultConfigurationName = Release;
		};
/* End XCConfigurationList section */
	};
	rootObject = DCF455F72A4C3AC3004901D8 /* Project object */;
}
